
Microsoft Visual Studio Solution File, Format Version 12.00
# Visual Studio Version 16
VisualStudioVersion = 16.0.31729.503
MinimumVisualStudioVersion = 10.0.40219.1
Project("{FAE04EC0-301F-11D3-BF4B-00C04F79EFBC}") = "demogit", "demogit\demogit.csproj", "{7BB6C224-1F51-4160-BC54-448E21365844}"
EndProject
Global
	GlobalSection(SolutionConfigurationPlatforms) = preSolution
		Debug|Any CPU = Debug|Any CPU
		Release|Any CPU = Release|Any CPU
	EndGlobalSection
	GlobalSection(ProjectConfigurationPlatforms) = postSolution
		{7BB6C224-1F51-4160-BC54-448E21365844}.Debug|Any CPU.ActiveCfg = Debug|Any CPU
		{7BB6C224-1F51-4160-BC54-448E21365844}.Debug|Any CPU.Build.0 = Debug|Any CPU
		{7BB6C224-1F51-4160-BC54-448E21365844}.Release|Any CPU.ActiveCfg = Release|Any CPU
		{7BB6C224-1F51-4160-BC54-448E21365844}.Release|Any CPU.Build.0 = Release|Any CPU
	EndGlobalSection
	GlobalSection(SolutionProperties) = preSolution
		HideSolutionNode = FALSE
	EndGlobalSection
	GlobalSection(ExtensibilityGlobals) = postSolution
		SolutionGuid = {392EDB44-5C54-48E4-B7BB-DE5D2DE23505}
	EndGlobalSection
EndGlobal
